
Microsoft Visual Studio Solution File, Format Version 12.00
# Visual Studio Version 17
VisualStudioVersion = 17.9.34714.143
MinimumVisualStudioVersion = 10.0.40219.1
Project("{9A19103F-16F7-4668-BE54-9A1E7A4F7556}") = "BLPP", "BLPP\BLPP.csproj", "{847560BC-76FB-4ECD-847E-48CE877AF783}"
EndProject
Project("{FAE04EC0-301F-11D3-BF4B-00C04F79EFBC}") = "Shared", "Shared\Shared.csproj", "{6AE0EC01-09D9-40A8-95CA-DF53B4E6E063}"
EndProject
Project("{FAE04EC0-301F-11D3-BF4B-00C04F79EFBC}") = "TorqueLint", "TorqueLint\TorqueLint.csproj", "{07887797-AE5F-4678-A379-B9DFD15A88F6}"
EndProject
Global
	GlobalSection(SolutionConfigurationPlatforms) = preSolution
		Debug|Any CPU = Debug|Any CPU
		Release|Any CPU = Release|Any CPU
	EndGlobalSection
	GlobalSection(ProjectConfigurationPlatforms) = postSolution
		{847560BC-76FB-4ECD-847E-48CE877AF783}.Debug|Any CPU.ActiveCfg = Debug|Any CPU
		{847560BC-76FB-4ECD-847E-48CE877AF783}.Debug|Any CPU.Build.0 = Debug|Any CPU
		{847560BC-76FB-4ECD-847E-48CE877AF783}.Release|Any CPU.ActiveCfg = Release|Any CPU
		{847560BC-76FB-4ECD-847E-48CE877AF783}.Release|Any CPU.Build.0 = Release|Any CPU
		{6AE0EC01-09D9-40A8-95CA-DF53B4E6E063}.Debug|Any CPU.ActiveCfg = Debug|Any CPU
		{6AE0EC01-09D9-40A8-95CA-DF53B4E6E063}.Debug|Any CPU.Build.0 = Debug|Any CPU
		{6AE0EC01-09D9-40A8-95CA-DF53B4E6E063}.Release|Any CPU.ActiveCfg = Release|Any CPU
		{6AE0EC01-09D9-40A8-95CA-DF53B4E6E063}.Release|Any CPU.Build.0 = Release|Any CPU
		{07887797-AE5F-4678-A379-B9DFD15A88F6}.Debug|Any CPU.ActiveCfg = Debug|Any CPU
		{07887797-AE5F-4678-A379-B9DFD15A88F6}.Debug|Any CPU.Build.0 = Debug|Any CPU
		{07887797-AE5F-4678-A379-B9DFD15A88F6}.Release|Any CPU.ActiveCfg = Release|Any CPU
		{07887797-AE5F-4678-A379-B9DFD15A88F6}.Release|Any CPU.Build.0 = Release|Any CPU
	EndGlobalSection
	GlobalSection(SolutionProperties) = preSolution
		HideSolutionNode = FALSE
	EndGlobalSection
	GlobalSection(ExtensibilityGlobals) = postSolution
		SolutionGuid = {2549A5BF-CE32-4A63-9C84-373B85BD5483}
	EndGlobalSection
EndGlobal
